
Microsoft Visual Studio Solution File, Format Version 12.00
# Visual Studio 15
VisualStudioVersion = 15.0.28307.271
MinimumVisualStudioVersion = 10.0.40219.1
Project("{FAE04EC0-301F-11D3-BF4B-00C04F79EFBC}") = "parti.admin", "parti.admin\parti.admin.csproj", "{22596C25-4C8E-4A82-AC44-3263B24FC15F}"
EndProject
Global
	GlobalSection(SolutionConfigurationPlatforms) = preSolution
		Debug|Any CPU = Debug|Any CPU
		Release|Any CPU = Release|Any CPU
	EndGlobalSection
	GlobalSection(ProjectConfigurationPlatforms) = postSolution
		{22596C25-4C8E-4A82-AC44-3263B24FC15F}.Debug|Any CPU.ActiveCfg = Debug|Any CPU
		{22596C25-4C8E-4A82-AC44-3263B24FC15F}.Debug|Any CPU.Build.0 = Debug|Any CPU
		{22596C25-4C8E-4A82-AC44-3263B24FC15F}.Release|Any CPU.ActiveCfg = Release|Any CPU
		{22596C25-4C8E-4A82-AC44-3263B24FC15F}.Release|Any CPU.Build.0 = Release|Any CPU
	EndGlobalSection
	GlobalSection(SolutionProperties) = preSolution
		HideSolutionNode = FALSE
	EndGlobalSection
	GlobalSection(ExtensibilityGlobals) = postSolution
		SolutionGuid = {C4BA1A97-37F9-4F1B-98A4-40FC24B620DE}
	EndGlobalSection
EndGlobal
